{
  "version": 4,
  "terraform_version": "1.1.6",
  "serial": 109,
  "lineage": "138f1748-9282-8f34-2a5e-9693f5c1d46c",
  "outputs": {},
  "resources": [
    {
      "mode": "managed",
      "type": "google_compute_network",
      "name": "ib_trading_net",
      "provider": "provider[\"registry.terraform.io/hashicorp/google-beta\"]",
      "instances": [
        {
          "schema_version": 0,
          "attributes": {
            "auto_create_subnetworks": false,
            "delete_default_routes_on_create": false,
            "description": "",
            "enable_ula_internal_ipv6": false,
            "gateway_ipv4": "",
            "id": "projects/api-project-786272790820/global/networks/ib-trading-net-dev",
            "internal_ipv6_range": "",
            "mtu": 0,
            "name": "ib-trading-net-dev",
            "project": "api-project-786272790820",
            "routing_mode": "REGIONAL",
            "self_link": "https://www.googleapis.com/compute/v1/projects/api-project-786272790820/global/networks/ib-trading-net-dev",
            "timeouts": null
          },
          "sensitive_attributes": [],
          "private": "eyJlMmJmYjczMC1lY2FhLTExZTYtOGY4OC0zNDM2M2JjN2M0YzAiOnsiY3JlYXRlIjoxMjAwMDAwMDAwMDAwLCJkZWxldGUiOjEyMDAwMDAwMDAwMDAsInVwZGF0ZSI6MTIwMDAwMDAwMDAwMH19"
        }
      ]
    },
    {
      "mode": "managed",
      "type": "google_compute_subnetwork",
      "name": "ib_trading_subnet",
      "provider": "provider[\"registry.terraform.io/hashicorp/google-beta\"]",
      "instances": [
        {
          "schema_version": 0,
          "attributes": {
            "creation_timestamp": "2022-12-21T23:29:17.174-08:00",
            "description": "",
            "external_ipv6_prefix": "",
            "fingerprint": null,
            "gateway_address": "10.172.0.1",
            "id": "projects/api-project-786272790820/regions/europe-southwest1/subnetworks/ib-trading-subnet-dev",
            "ip_cidr_range": "10.172.0.0/20",
            "ipv6_access_type": "",
            "ipv6_cidr_range": "",
            "log_config": [],
            "name": "ib-trading-subnet-dev",
            "network": "https://www.googleapis.com/compute/v1/projects/api-project-786272790820/global/networks/ib-trading-net-dev",
            "private_ip_google_access": true,
            "private_ipv6_google_access": "DISABLE_GOOGLE_ACCESS",
            "project": "api-project-786272790820",
            "purpose": "PRIVATE",
            "region": "europe-southwest1",
            "role": "",
            "secondary_ip_range": [
              {
                "ip_cidr_range": "10.48.0.0/14",
                "range_name": "gke-ib-trading-dev-pods-c4d6f70e"
              },
              {
                "ip_cidr_range": "10.52.0.0/20",
                "range_name": "gke-ib-trading-dev-services-c4d6f70e"
              }
            ],
            "self_link": "https://www.googleapis.com/compute/v1/projects/api-project-786272790820/regions/europe-southwest1/subnetworks/ib-trading-subnet-dev",
            "stack_type": "IPV4_ONLY",
            "timeouts": null
          },
          "sensitive_attributes": [],
          "private": "eyJlMmJmYjczMC1lY2FhLTExZTYtOGY4OC0zNDM2M2JjN2M0YzAiOnsiY3JlYXRlIjoxMjAwMDAwMDAwMDAwLCJkZWxldGUiOjEyMDAwMDAwMDAwMDAsInVwZGF0ZSI6MTIwMDAwMDAwMDAwMH19",
          "dependencies": [
            "google_compute_network.ib_trading_net"
          ]
        }
      ]
    },
    {
      "mode": "managed",
      "type": "google_container_cluster",
      "name": "ib_trading",
      "provider": "provider[\"registry.terraform.io/hashicorp/google-beta\"]",
      "instances": [
        {
          "schema_version": 1,
          "attributes": {
            "addons_config": [
              {
                "cloudrun_config": [],
                "config_connector_config": [],
                "dns_cache_config": [],
                "gce_persistent_disk_csi_driver_config": [
                  {
                    "enabled": true
                  }
                ],
                "gcp_filestore_csi_driver_config": [],
                "gke_backup_agent_config": [],
                "horizontal_pod_autoscaling": [],
                "http_load_balancing": [],
                "istio_config": [],
                "kalm_config": [],
                "network_policy_config": [
                  {
                    "disabled": true
                  }
                ]
              }
            ],
            "authenticator_groups_config": [],
            "binary_authorization": [
              {
                "enabled": false,
                "evaluation_mode": ""
              }
            ],
            "cluster_autoscaling": [
              {
                "auto_provisioning_defaults": [],
                "autoscaling_profile": "BALANCED",
                "enabled": false,
                "resource_limits": []
              }
            ],
            "cluster_ipv4_cidr": "10.48.0.0/14",
            "cluster_telemetry": [
              {
                "type": "ENABLED"
              }
            ],
            "confidential_nodes": [],
            "cost_management_config": [],
            "database_encryption": [
              {
                "key_name": "",
                "state": "DECRYPTED"
              }
            ],
            "datapath_provider": "",
            "default_max_pods_per_node": 110,
            "default_snat_status": [
              {
                "disabled": false
              }
            ],
            "description": "",
            "dns_config": [],
            "enable_autopilot": false,
            "enable_binary_authorization": false,
            "enable_intranode_visibility": false,
            "enable_kubernetes_alpha": false,
            "enable_l4_ilb_subsetting": false,
            "enable_legacy_abac": false,
            "enable_shielded_nodes": true,
            "enable_tpu": false,
            "endpoint": "34.175.53.176",
            "id": "projects/api-project-786272790820/locations/europe-southwest1-a/clusters/ib-trading-dev",
            "identity_service_config": [],
            "initial_node_count": 0,
            "ip_allocation_policy": [
              {
                "cluster_ipv4_cidr_block": "10.48.0.0/14",
                "cluster_secondary_range_name": "gke-ib-trading-dev-pods-c4d6f70e",
                "services_ipv4_cidr_block": "10.52.0.0/20",
                "services_secondary_range_name": "gke-ib-trading-dev-services-c4d6f70e"
              }
            ],
            "label_fingerprint": "a9dc16a7",
            "location": "europe-southwest1-a",
            "logging_config": [
              {
                "enable_components": [
                  "SYSTEM_COMPONENTS",
                  "WORKLOADS"
                ]
              }
            ],
            "logging_service": "logging.googleapis.com/kubernetes",
            "maintenance_policy": [],
            "master_auth": [
              {
                "client_certificate": "",
                "client_certificate_config": [
                  {
                    "issue_client_certificate": false
                  }
                ],
                "client_key": "",
                "cluster_ca_certificate": "LS0tLS1CRUdJTiBDRVJUSUZJQ0FURS0tLS0tCk1JSUVMRENDQXBTZ0F3SUJBZ0lRYmlPSkloSFJWbzBhVVVPcS8rUXVlREFOQmdrcWhraUc5dzBCQVFzRkFEQXYKTVMwd0t3WURWUVFERXlReE56VmhObVkyWmkwNFkyVTRMVFJtWWpZdFlqUTVaaTB3Wm1RMFlqRTJNek5qTjJFdwpJQmNOTWpJeE1qSXlNRFl5T1RRd1doZ1BNakExTWpFeU1UUXdOekk1TkRCYU1DOHhMVEFyQmdOVkJBTVRKREUzCk5XRTJaalptTFRoalpUZ3ROR1ppTmkxaU5EbG1MVEJtWkRSaU1UWXpNMk0zWVRDQ0FhSXdEUVlKS29aSWh2Y04KQVFFQkJRQURnZ0dQQURDQ0FZb0NnZ0dCQU1ZM3V3WUFQMmpmUFB5a3B3TER6QkJ6ejBjejhxQWxjOUxsSGJhdQpFL1MxQlFoYlNVdFR0ZWEraWswNm1sZmdKMTdiaGI5czNuQXY1WW1zZWpQN29tUUJrdFcrZ1ZMRFp2ZnoxYUNGCnA4ak1XT09WTmJaa0ZOVXkrdm13KzRnM2piSFZab2J4RlQrRDlHa1BvTDl0dlpxaW56a1lUUk82aUZQdm5jZTkKME42bE05Q2lSeXlaZFlESWg2RzZTNjJLbkd4RmU1bWszVUxiL0JZRGQrSFR6b2VwbDc1NFlPU3lOblZla1BBTQp4NDNWYmxENzh6RWp5SXIxYSs3VFFpR3FRdk51SmdtOVdxbmpEMjBuRDJhL1JRQmVsWWhUbmN3aGZWUTFvRUlwCnMrazdZT01vWWRUVHR1MDRFV0RZVGlHbkVGbDBtN2YxT0lNcUo3VmtBbkFINXFkS3hXOTBWMi9xK0UzSkROSlQKSjd5Nk5zQnJCY1ZlUWRrNXNBVlpoQldYSi8vYlVrSHA3ZlhTRjFiUlBGU2NWa0U5N1JSczFiZ1duWEZpRXJGWQpMUTZYM1ozc0pKb2hyM2R0cVRVdFJ1WHV3anc4VHgweXFCanl5MGxWOEZlZ1dQcXY0MlRLYVVMMk5HRDlKYUxkCnJnc1dJTUErLzIwNW5saFBjWVVadXQ0WDVRSURBUUFCbzBJd1FEQU9CZ05WSFE4QkFmOEVCQU1DQWdRd0R3WUQKVlIwVEFRSC9CQVV3QXdFQi96QWRCZ05WSFE0RUZnUVVFRVlRTXN4bDV2dGcyWVpWMVdWMjVXTDJsMU13RFFZSgpLb1pJaHZjTkFRRUxCUUFEZ2dHQkFDNGM2M01aTFNzMXpZZGp1ZitDMjA3QkRPOTZtejVZTmdPeHhSLzZSdzFsCjk1bE1kZy9SeTlnVzUrRWp5KzF6S3g5d0h3OUNsdlZzQlhNTEY2L1lFT2J6N2RhbDczNDhGZ29GTDk5akZUY2YKZnRyZTNTOXdPOVpwRXdTTTZFZWpOWFhKa2wvU0VpTGZYYU9qUE4zRDdmUUZ3OHd2b09IRGtrdTJhTVZCdnpRMwpsSEUwckdMUExaaGhReGFFa0g3d21HTFdLUDh4VTc5SUJhL3NBRGRXc1dzamhXb3dvSk5QTUdnUzVDczR6elFnCmhqemtTSFo3MktHZkdmbEhCdkdNSDg3Mml0VkdrbXJwV2phNlhvb2dodDMwZ0Y1cC8vYi9TV1U3cklHK01DaUMKT3loMkhLVXpXQTZjNktzWGtPTU5sajhwZ2JiaCtGSjhodEczNzk2VnBvQUxmREI5YXpVYm9ENmNEbHl3K3paTApsK1AyNEhSUG94UmxxQU0wOG8vWmVTdmxOL2dWdEI3NktGUUNSZ2FDTmdYeTkyb0NPL0thb1Z3d0J2QzduMTY5CjNjQW1IdE12R0tlUk9GS2M4VWkvNko1ME9BaGxVN2RjMjFZendUejNLdElWZDB4YkptSHZFUFMzTzM4UnoyM0sKcVY2d1dQd2VHd01OaXBYMDhIVGVBdz09Ci0tLS0tRU5EIENFUlRJRklDQVRFLS0tLS0K"
              }
            ],
            "master_authorized_networks_config": [
              {
                "cidr_blocks": [
                  {
                    "cidr_block": "0.0.0.0/0",
                    "display_name": "all"
                  },
                  {
                    "cidr_block": "10.172.0.0/20",
                    "display_name": "Bastion Host Allowed Network CIDR dev for GKE"
                  },
                  {
                    "cidr_block": "35.235.240.0/20",
                    "display_name": "Cloud Build Allowed Network CIDR dev for GKE"
                  }
                ]
              }
            ],
            "master_version": "1.25.4-gke.2100",
            "mesh_certificates": [],
            "min_master_version": "latest",
            "monitoring_config": [
              {
                "enable_components": [
                  "SYSTEM_COMPONENTS"
                ],
                "managed_prometheus": []
              }
            ],
            "monitoring_service": "monitoring.googleapis.com/kubernetes",
            "name": "ib-trading-dev",
            "network": "projects/api-project-786272790820/global/networks/ib-trading-net-dev",
            "network_policy": [
              {
                "enabled": false,
                "provider": "PROVIDER_UNSPECIFIED"
              }
            ],
            "networking_mode": "VPC_NATIVE",
            "node_config": [
              {
                "boot_disk_kms_key": "",
                "disk_size_gb": 10,
                "disk_type": "pd-balanced",
                "ephemeral_storage_config": [],
                "gcfs_config": [],
                "guest_accelerator": [],
                "gvnic": [],
                "image_type": "COS_CONTAINERD",
                "kubelet_config": [],
                "labels": {},
                "linux_node_config": [],
                "local_ssd_count": 0,
                "machine_type": "e2-small",
                "metadata": {
                  "disable-legacy-endpoints": "true"
                },
                "min_cpu_platform": "",
                "node_group": "",
                "oauth_scopes": [
                  "https://www.googleapis.com/auth/compute",
                  "https://www.googleapis.com/auth/devstorage.read_only",
                  "https://www.googleapis.com/auth/logging.write",
                  "https://www.googleapis.com/auth/monitoring"
                ],
                "preemptible": false,
                "reservation_affinity": [],
                "sandbox_config": [],
                "service_account": "786272790820-compute@developer.gserviceaccount.com",
                "shielded_instance_config": [
                  {
                    "enable_integrity_monitoring": true,
                    "enable_secure_boot": false
                  }
                ],
                "spot": false,
                "tags": [
                  "ib-trading-node-dev"
                ],
                "taint": [],
                "workload_metadata_config": []
              }
            ],
            "node_locations": [],
            "node_pool": [
              {
                "autoscaling": [],
                "initial_node_count": 1,
                "instance_group_urls": [
                  "https://www.googleapis.com/compute/v1/projects/api-project-786272790820/zones/europe-southwest1-a/instanceGroupManagers/gke-ib-trading-dev-default-pool-dev-4edb5db5-grp"
                ],
                "managed_instance_group_urls": [
                  "https://www.googleapis.com/compute/beta/projects/api-project-786272790820/zones/europe-southwest1-a/instanceGroups/gke-ib-trading-dev-default-pool-dev-4edb5db5-grp"
                ],
                "management": [
                  {
                    "auto_repair": true,
                    "auto_upgrade": true
                  }
                ],
                "max_pods_per_node": 110,
                "name": "default-pool-dev",
                "name_prefix": "",
                "network_config": [
                  {
                    "create_pod_range": false,
                    "pod_ipv4_cidr_block": "10.48.0.0/14",
                    "pod_range": "gke-ib-trading-dev-pods-c4d6f70e"
                  }
                ],
                "node_config": [
                  {
                    "boot_disk_kms_key": "",
                    "disk_size_gb": 10,
                    "disk_type": "pd-balanced",
                    "ephemeral_storage_config": [],
                    "gcfs_config": [],
                    "guest_accelerator": [],
                    "gvnic": [],
                    "image_type": "COS_CONTAINERD",
                    "kubelet_config": [],
                    "labels": {},
                    "linux_node_config": [],
                    "local_ssd_count": 0,
                    "machine_type": "e2-small",
                    "metadata": {
                      "disable-legacy-endpoints": "true"
                    },
                    "min_cpu_platform": "",
                    "node_group": "",
                    "oauth_scopes": [
                      "https://www.googleapis.com/auth/compute",
                      "https://www.googleapis.com/auth/devstorage.read_only",
                      "https://www.googleapis.com/auth/logging.write",
                      "https://www.googleapis.com/auth/monitoring"
                    ],
                    "preemptible": false,
                    "reservation_affinity": [],
                    "sandbox_config": [],
                    "service_account": "786272790820-compute@developer.gserviceaccount.com",
                    "shielded_instance_config": [
                      {
                        "enable_integrity_monitoring": true,
                        "enable_secure_boot": false
                      }
                    ],
                    "spot": false,
                    "tags": [
                      "ib-trading-node-dev"
                    ],
                    "taint": [],
                    "workload_metadata_config": []
                  }
                ],
                "node_count": 1,
                "node_locations": [
                  "europe-southwest1-a"
                ],
                "placement_policy": [],
                "upgrade_settings": [
                  {
                    "max_surge": 1,
                    "max_unavailable": 0
                  }
                ],
                "version": "1.25.4-gke.2100"
              }
            ],
            "node_pool_auto_config": [
              {
                "network_tags": []
              }
            ],
            "node_pool_defaults": [
              {
                "node_config_defaults": []
              }
            ],
            "node_version": "1.25.4-gke.2100",
            "notification_config": [
              {
                "pubsub": [
                  {
                    "enabled": false,
                    "filter": [],
                    "topic": ""
                  }
                ]
              }
            ],
            "operation": null,
            "pod_security_policy_config": [
              {
                "enabled": false
              }
            ],
            "private_cluster_config": [
              {
                "enable_private_endpoint": false,
                "enable_private_nodes": false,
                "master_global_access_config": [
                  {
                    "enabled": false
                  }
                ],
                "master_ipv4_cidr_block": "",
                "peering_name": "",
                "private_endpoint": "10.172.0.3",
                "public_endpoint": "34.175.53.176"
              }
            ],
            "private_ipv6_google_access": "",
            "project": "api-project-786272790820",
            "release_channel": [
              {
                "channel": "UNSPECIFIED"
              }
            ],
            "remove_default_node_pool": null,
            "resource_labels": {},
            "resource_usage_export_config": [],
            "self_link": "https://container.googleapis.com/v1beta1/projects/api-project-786272790820/zones/europe-southwest1-a/clusters/ib-trading-dev",
            "service_external_ips_config": [
              {
                "enabled": false
              }
            ],
            "services_ipv4_cidr": "10.52.0.0/20",
            "subnetwork": "projects/api-project-786272790820/regions/europe-southwest1/subnetworks/ib-trading-subnet-dev",
            "timeouts": null,
            "tpu_config": [],
            "tpu_ipv4_cidr_block": "",
            "vertical_pod_autoscaling": [],
            "workload_identity_config": []
          },
          "sensitive_attributes": [],
          "private": "eyJlMmJmYjczMC1lY2FhLTExZTYtOGY4OC0zNDM2M2JjN2M0YzAiOnsiY3JlYXRlIjoyNDAwMDAwMDAwMDAwLCJkZWxldGUiOjI0MDAwMDAwMDAwMDAsInJlYWQiOjI0MDAwMDAwMDAwMDAsInVwZGF0ZSI6MzYwMDAwMDAwMDAwMH0sInNjaGVtYV92ZXJzaW9uIjoiMSJ9",
          "dependencies": [
            "google_compute_network.ib_trading_net",
            "google_compute_subnetwork.ib_trading_subnet"
          ]
        }
      ]
    }
  ]
}
