{
  "version": 4,
  "terraform_version": "1.1.6",
  "serial": 87,
  "lineage": "138f1748-9282-8f34-2a5e-9693f5c1d46c",
  "outputs": {},
  "resources": [
    {
      "mode": "managed",
      "type": "google_compute_network",
      "name": "ib_trading_net",
      "provider": "provider[\"registry.terraform.io/hashicorp/google-beta\"]",
      "instances": [
        {
          "schema_version": 0,
          "attributes": {
            "auto_create_subnetworks": false,
            "delete_default_routes_on_create": false,
            "description": "",
            "enable_ula_internal_ipv6": false,
            "gateway_ipv4": "",
            "id": "projects/api-project-786272790820/global/networks/ib-trading-net-dev",
            "internal_ipv6_range": "",
            "mtu": 0,
            "name": "ib-trading-net-dev",
            "project": "api-project-786272790820",
            "routing_mode": "REGIONAL",
            "self_link": "https://www.googleapis.com/compute/v1/projects/api-project-786272790820/global/networks/ib-trading-net-dev",
            "timeouts": null
          },
          "sensitive_attributes": [],
          "private": "eyJlMmJmYjczMC1lY2FhLTExZTYtOGY4OC0zNDM2M2JjN2M0YzAiOnsiY3JlYXRlIjoxMjAwMDAwMDAwMDAwLCJkZWxldGUiOjEyMDAwMDAwMDAwMDAsInVwZGF0ZSI6MTIwMDAwMDAwMDAwMH19"
        }
      ]
    },
    {
      "mode": "managed",
      "type": "google_compute_subnetwork",
      "name": "ib_trading_subnet",
      "provider": "provider[\"registry.terraform.io/hashicorp/google-beta\"]",
      "instances": [
        {
          "schema_version": 0,
          "attributes": {
            "creation_timestamp": "2022-12-09T03:20:07.778-08:00",
            "description": "",
            "external_ipv6_prefix": "",
            "fingerprint": null,
            "gateway_address": "10.172.0.1",
            "id": "projects/api-project-786272790820/regions/europe-southwest1/subnetworks/ib-trading-subnet-dev",
            "ip_cidr_range": "10.172.0.0/20",
            "ipv6_access_type": "",
            "ipv6_cidr_range": "",
            "log_config": [],
            "name": "ib-trading-subnet-dev",
            "network": "https://www.googleapis.com/compute/v1/projects/api-project-786272790820/global/networks/ib-trading-net-dev",
            "private_ip_google_access": true,
            "private_ipv6_google_access": "DISABLE_GOOGLE_ACCESS",
            "project": "api-project-786272790820",
            "purpose": "PRIVATE",
            "region": "europe-southwest1",
            "role": "",
            "secondary_ip_range": [
              {
                "ip_cidr_range": "10.48.0.0/14",
                "range_name": "gke-ib-trading-dev-pods-8395fa75"
              },
              {
                "ip_cidr_range": "10.52.0.0/20",
                "range_name": "gke-ib-trading-dev-services-8395fa75"
              }
            ],
            "self_link": "https://www.googleapis.com/compute/v1/projects/api-project-786272790820/regions/europe-southwest1/subnetworks/ib-trading-subnet-dev",
            "stack_type": "IPV4_ONLY",
            "timeouts": null
          },
          "sensitive_attributes": [],
          "private": "eyJlMmJmYjczMC1lY2FhLTExZTYtOGY4OC0zNDM2M2JjN2M0YzAiOnsiY3JlYXRlIjoxMjAwMDAwMDAwMDAwLCJkZWxldGUiOjEyMDAwMDAwMDAwMDAsInVwZGF0ZSI6MTIwMDAwMDAwMDAwMH19",
          "dependencies": [
            "google_compute_network.ib_trading_net"
          ]
        }
      ]
    },
    {
      "mode": "managed",
      "type": "google_container_cluster",
      "name": "ib_trading",
      "provider": "provider[\"registry.terraform.io/hashicorp/google-beta\"]",
      "instances": [
        {
          "schema_version": 1,
          "attributes": {
            "addons_config": [
              {
                "cloudrun_config": [],
                "config_connector_config": [],
                "dns_cache_config": [],
                "gce_persistent_disk_csi_driver_config": [
                  {
                    "enabled": true
                  }
                ],
                "gcp_filestore_csi_driver_config": [],
                "gke_backup_agent_config": [],
                "horizontal_pod_autoscaling": [],
                "http_load_balancing": [],
                "istio_config": [],
                "kalm_config": [],
                "network_policy_config": [
                  {
                    "disabled": true
                  }
                ]
              }
            ],
            "authenticator_groups_config": [],
            "binary_authorization": [
              {
                "enabled": false,
                "evaluation_mode": ""
              }
            ],
            "cluster_autoscaling": [
              {
                "auto_provisioning_defaults": [],
                "autoscaling_profile": "BALANCED",
                "enabled": false,
                "resource_limits": []
              }
            ],
            "cluster_ipv4_cidr": "10.48.0.0/14",
            "cluster_telemetry": [
              {
                "type": "ENABLED"
              }
            ],
            "confidential_nodes": [],
            "cost_management_config": [],
            "database_encryption": [
              {
                "key_name": "",
                "state": "DECRYPTED"
              }
            ],
            "datapath_provider": "",
            "default_max_pods_per_node": 110,
            "default_snat_status": [
              {
                "disabled": false
              }
            ],
            "description": "",
            "dns_config": [],
            "enable_autopilot": false,
            "enable_binary_authorization": false,
            "enable_intranode_visibility": false,
            "enable_kubernetes_alpha": false,
            "enable_l4_ilb_subsetting": false,
            "enable_legacy_abac": false,
            "enable_shielded_nodes": true,
            "enable_tpu": false,
            "endpoint": "34.175.54.236",
            "id": "projects/api-project-786272790820/locations/europe-southwest1-a/clusters/ib-trading-dev",
            "identity_service_config": [],
            "initial_node_count": 0,
            "ip_allocation_policy": [
              {
                "cluster_ipv4_cidr_block": "10.48.0.0/14",
                "cluster_secondary_range_name": "gke-ib-trading-dev-pods-8395fa75",
                "services_ipv4_cidr_block": "10.52.0.0/20",
                "services_secondary_range_name": "gke-ib-trading-dev-services-8395fa75"
              }
            ],
            "label_fingerprint": "a9dc16a7",
            "location": "europe-southwest1-a",
            "logging_config": [
              {
                "enable_components": [
                  "SYSTEM_COMPONENTS",
                  "WORKLOADS"
                ]
              }
            ],
            "logging_service": "logging.googleapis.com/kubernetes",
            "maintenance_policy": [],
            "master_auth": [
              {
                "client_certificate": "",
                "client_certificate_config": [
                  {
                    "issue_client_certificate": false
                  }
                ],
                "client_key": "",
                "cluster_ca_certificate": "LS0tLS1CRUdJTiBDRVJUSUZJQ0FURS0tLS0tCk1JSUVMRENDQXBTZ0F3SUJBZ0lRVkF3cTUwMUsvcGV4b290MEk2ZytYVEFOQmdrcWhraUc5dzBCQVFzRkFEQXYKTVMwd0t3WURWUVFERXlRNU9UQXhOekl6T0MwNE1tWXhMVFJrTjJZdFlqQm1aUzFpTlRFNE1EVmpZalppWkdFdwpJQmNOTWpJeE1qQTVNVEV4T1RJMldoZ1BNakExTWpFeU1ERXhNakU1TWpaYU1DOHhMVEFyQmdOVkJBTVRKRGs1Ck1ERTNNak00TFRneVpqRXROR1EzWmkxaU1HWmxMV0kxTVRnd05XTmlObUprWVRDQ0FhSXdEUVlKS29aSWh2Y04KQVFFQkJRQURnZ0dQQURDQ0FZb0NnZ0dCQU13b2NrQzlQaHRxUzBJL2JxbUFMYk9JbTZjbGJISEtIVnpTZW9yOApwNS9CaXBGZnlMQlkzMHZ4em5HbDRVRDZubXFZVVlJS1UzWkV0K3RvQnRvdzRLMGJLTTN0ck5IMktQcDJISHBwCkl3UXZJVVlEMmNZOXFheDBqKzNzNktGRGRGMUplWWppanVBdlczc0RxS0h0YmRoV3ZPZnYvc0NScTAwZjlSZi8KU3dYNVZQbExicHhCTjZsYi94M1laZDNEeHp0Tmh1RWxSK3dCbnhOUzM0ZC9pYkJGS2hNL2ZDdFRQa3kxalJxcApQZmROaFBMS3BTWWd0MUlZajJRaW4yVFRFQi9sQ01yYlVXZ2Z4eGNmVkNsMU41a1k4RExKWStoeEZ6elkvRTZqCnpHazhjU3Q3bmdIeFU0aS9zRXZrZ1E2b2UzbnlXbFdYckhxaWFjamNhMXFNcUYrZ2ZLaEhHYmorYWxHcU95RnUKSkhOTWJvME1IRDdlU29OcW9YWFh0aGs0cWNrL3hXUm10aWlMVmVaL0NOdW5vNW9Xd2JLR0ZEdGFPK2F2Z3NhNwplY3BPdENST2dxUE9EREZ3Ni9zN2ZOcEFMVXN4SWZXODlKemRKT0hiOVJnK1FBWDlTMWtnaHZvZHFwM01peGl1CitPc2puVlRYQjh2UnlZd3BEbXR1OHNieGN3SURBUUFCbzBJd1FEQU9CZ05WSFE4QkFmOEVCQU1DQWdRd0R3WUQKVlIwVEFRSC9CQVV3QXdFQi96QWRCZ05WSFE0RUZnUVVta25OV2dGczdFVytocGRjY25NdC9GSlpCSEF3RFFZSgpLb1pJaHZjTkFRRUxCUUFEZ2dHQkFEM2I0RlVQbEsrSTViaGhRNHVsT2N0eUI0Wk1RM0tBRXdFblAwMWVHRnBiCmpJck4vbHhFMkIyMDdqanZNQ2xzL08zV3FTOHVJWmlPK1hheDNNK3VQYjhza05uc3B3Z2kvSEJEL1JCM1Z3NFkKUDFrTzVEUTIyUlM2cW9hUTR6WTEvOEdpWWdDemNUM1E4TGY4Z1hKUWhBMDE2aXRXVDdaYmNrT1JuOWRkTk5aYQpiNnhlK1dzZC9aT0cxQ1ExODdHdjNBU0NkTlFFS21YN1pucUN4b2dXR1ZSR3BJYm1pc2hjenVmaUhtZHM4Y3ZECnpYMTRrTnRMNFNrVEgxM1dzWUsvdTU1ZzhTdTJZRDRNSER5NXhhRjJkWm9vSmdLNjJiK0NwdW4waHA5S0R3eisKT1BZTjFvMTF0Nm8yUTBHSGtraDg1VmFZcG5VVC9oaWhYeVp5d0dmdGtCMk9TNmdDbWN2Tm5FTlc1eTNUd01xVQpnaUlWdENldS85QmM0eXJpbWVMMWwvK3RjVHFSMGZaZ2V1SDBsZjJpMnVISjVsZTZmdmtRZDkvclNTNzdIZmdZClp4aCtwaGRRQU9La2NOcGtlWGdYVEhlRUJuajJqVzI5bW1uaTdQYWFrc2hsQldhaEhSYjV3TmNTbVdxVEw4TWgKNEhIOHpXVHh2WHRrd2FZbG9LSVZMdz09Ci0tLS0tRU5EIENFUlRJRklDQVRFLS0tLS0K"
              }
            ],
            "master_authorized_networks_config": [
              {
                "cidr_blocks": [
                  {
                    "cidr_block": "10.172.0.0/20",
                    "display_name": "Bastion Host Allowed Network CIDR dev for GKE"
                  },
                  {
                    "cidr_block": "35.235.240.0/20",
                    "display_name": "Cloud Build Allowed Network CIDR dev for GKE"
                  }
                ]
              }
            ],
            "master_version": "1.24.7-gke.900",
            "mesh_certificates": [],
            "min_master_version": "latest",
            "monitoring_config": [
              {
                "enable_components": [
                  "SYSTEM_COMPONENTS"
                ],
                "managed_prometheus": []
              }
            ],
            "monitoring_service": "monitoring.googleapis.com/kubernetes",
            "name": "ib-trading-dev",
            "network": "projects/api-project-786272790820/global/networks/ib-trading-net-dev",
            "network_policy": [
              {
                "enabled": false,
                "provider": "PROVIDER_UNSPECIFIED"
              }
            ],
            "networking_mode": "VPC_NATIVE",
            "node_config": [
              {
                "boot_disk_kms_key": "",
                "disk_size_gb": 10,
                "disk_type": "pd-balanced",
                "ephemeral_storage_config": [],
                "gcfs_config": [],
                "guest_accelerator": [],
                "gvnic": [],
                "image_type": "COS_CONTAINERD",
                "kubelet_config": [],
                "labels": {},
                "linux_node_config": [],
                "local_ssd_count": 0,
                "machine_type": "e2-small",
                "metadata": {
                  "disable-legacy-endpoints": "true"
                },
                "min_cpu_platform": "",
                "node_group": "",
                "oauth_scopes": [
                  "https://www.googleapis.com/auth/compute",
                  "https://www.googleapis.com/auth/devstorage.read_only",
                  "https://www.googleapis.com/auth/logging.write",
                  "https://www.googleapis.com/auth/monitoring"
                ],
                "preemptible": false,
                "reservation_affinity": [],
                "sandbox_config": [],
                "service_account": "default",
                "shielded_instance_config": [
                  {
                    "enable_integrity_monitoring": true,
                    "enable_secure_boot": false
                  }
                ],
                "spot": false,
                "tags": [
                  "ib-trading-node-dev"
                ],
                "taint": [],
                "workload_metadata_config": []
              }
            ],
            "node_locations": [],
            "node_pool": [
              {
                "autoscaling": [],
                "initial_node_count": 1,
                "instance_group_urls": [
                  "https://www.googleapis.com/compute/v1/projects/api-project-786272790820/zones/europe-southwest1-a/instanceGroupManagers/gke-ib-trading-dev-default-pool-dev-55db9c9c-grp"
                ],
                "managed_instance_group_urls": [
                  "https://www.googleapis.com/compute/beta/projects/api-project-786272790820/zones/europe-southwest1-a/instanceGroups/gke-ib-trading-dev-default-pool-dev-55db9c9c-grp"
                ],
                "management": [
                  {
                    "auto_repair": true,
                    "auto_upgrade": true
                  }
                ],
                "max_pods_per_node": 110,
                "name": "default-pool-dev",
                "name_prefix": "",
                "network_config": [
                  {
                    "create_pod_range": false,
                    "pod_ipv4_cidr_block": "10.48.0.0/14",
                    "pod_range": "gke-ib-trading-dev-pods-8395fa75"
                  }
                ],
                "node_config": [
                  {
                    "boot_disk_kms_key": "",
                    "disk_size_gb": 10,
                    "disk_type": "pd-balanced",
                    "ephemeral_storage_config": [],
                    "gcfs_config": [],
                    "guest_accelerator": [],
                    "gvnic": [],
                    "image_type": "COS_CONTAINERD",
                    "kubelet_config": [],
                    "labels": {},
                    "linux_node_config": [],
                    "local_ssd_count": 0,
                    "machine_type": "e2-small",
                    "metadata": {
                      "disable-legacy-endpoints": "true"
                    },
                    "min_cpu_platform": "",
                    "node_group": "",
                    "oauth_scopes": [
                      "https://www.googleapis.com/auth/compute",
                      "https://www.googleapis.com/auth/devstorage.read_only",
                      "https://www.googleapis.com/auth/logging.write",
                      "https://www.googleapis.com/auth/monitoring"
                    ],
                    "preemptible": false,
                    "reservation_affinity": [],
                    "sandbox_config": [],
                    "service_account": "default",
                    "shielded_instance_config": [
                      {
                        "enable_integrity_monitoring": true,
                        "enable_secure_boot": false
                      }
                    ],
                    "spot": false,
                    "tags": [
                      "ib-trading-node-dev"
                    ],
                    "taint": [],
                    "workload_metadata_config": []
                  }
                ],
                "node_count": 1,
                "node_locations": [
                  "europe-southwest1-a"
                ],
                "placement_policy": [],
                "upgrade_settings": [
                  {
                    "max_surge": 1,
                    "max_unavailable": 0
                  }
                ],
                "version": "1.24.7-gke.900"
              }
            ],
            "node_pool_auto_config": [
              {
                "network_tags": []
              }
            ],
            "node_pool_defaults": [
              {
                "node_config_defaults": []
              }
            ],
            "node_version": "1.24.7-gke.900",
            "notification_config": [
              {
                "pubsub": [
                  {
                    "enabled": false,
                    "filter": [],
                    "topic": ""
                  }
                ]
              }
            ],
            "operation": null,
            "pod_security_policy_config": [
              {
                "enabled": false
              }
            ],
            "private_cluster_config": [
              {
                "enable_private_endpoint": false,
                "enable_private_nodes": false,
                "master_global_access_config": [
                  {
                    "enabled": false
                  }
                ],
                "master_ipv4_cidr_block": "",
                "peering_name": "",
                "private_endpoint": "10.172.0.7",
                "public_endpoint": "34.175.54.236"
              }
            ],
            "private_ipv6_google_access": "",
            "project": "api-project-786272790820",
            "release_channel": [
              {
                "channel": "UNSPECIFIED"
              }
            ],
            "remove_default_node_pool": null,
            "resource_labels": {},
            "resource_usage_export_config": [],
            "self_link": "https://container.googleapis.com/v1beta1/projects/api-project-786272790820/zones/europe-southwest1-a/clusters/ib-trading-dev",
            "service_external_ips_config": [
              {
                "enabled": false
              }
            ],
            "services_ipv4_cidr": "10.52.0.0/20",
            "subnetwork": "projects/api-project-786272790820/regions/europe-southwest1/subnetworks/ib-trading-subnet-dev",
            "timeouts": null,
            "tpu_config": [],
            "tpu_ipv4_cidr_block": "",
            "vertical_pod_autoscaling": [],
            "workload_identity_config": []
          },
          "sensitive_attributes": [],
          "private": "eyJlMmJmYjczMC1lY2FhLTExZTYtOGY4OC0zNDM2M2JjN2M0YzAiOnsiY3JlYXRlIjoyNDAwMDAwMDAwMDAwLCJkZWxldGUiOjI0MDAwMDAwMDAwMDAsInJlYWQiOjI0MDAwMDAwMDAwMDAsInVwZGF0ZSI6MzYwMDAwMDAwMDAwMH0sInNjaGVtYV92ZXJzaW9uIjoiMSJ9",
          "dependencies": [
            "google_compute_network.ib_trading_net",
            "google_compute_subnetwork.ib_trading_subnet"
          ]
        }
      ]
    }
  ]
}
