{
  "version": 4,
  "terraform_version": "1.0.0",
  "serial": 10,
  "lineage": "138f1748-9282-8f34-2a5e-9693f5c1d46c",
  "outputs": {},
  "resources": [
    {
      "mode": "managed",
      "type": "google_artifact_registry_repository",
      "name": "ib-gateway",
      "provider": "provider[\"registry.terraform.io/hashicorp/google\"]",
      "instances": [
        {
          "schema_version": 0,
          "attributes": {
            "create_time": "2022-11-22T18:40:46.982483Z",
            "description": "ib-gateway dev",
            "format": "DOCKER",
            "id": "projects/api-project-786272790820/locations/europe-southwest1/repositories/ib-gateway-dev",
            "kms_key_name": "",
            "labels": {},
            "location": "europe-southwest1",
            "maven_config": [],
            "name": "ib-gateway-dev",
            "project": "api-project-786272790820",
            "repository_id": "ib-gateway-dev",
            "timeouts": null,
            "update_time": "2022-11-22T18:40:46.982483Z"
          },
          "sensitive_attributes": [],
          "private": "eyJlMmJmYjczMC1lY2FhLTExZTYtOGY4OC0zNDM2M2JjN2M0YzAiOnsiY3JlYXRlIjoxMjAwMDAwMDAwMDAwLCJkZWxldGUiOjEyMDAwMDAwMDAwMDAsInVwZGF0ZSI6MTIwMDAwMDAwMDAwMH19"
        }
      ]
    },
    {
      "mode": "managed",
      "type": "google_compute_firewall",
      "name": "ib_trading_net_allow_internal",
      "provider": "provider[\"registry.terraform.io/hashicorp/google-beta\"]",
      "instances": [
        {
          "schema_version": 1,
          "attributes": {
            "allow": [
              {
                "ports": [],
                "protocol": "all"
              }
            ],
            "creation_timestamp": "2022-11-22T10:40:55.359-08:00",
            "deny": [],
            "description": "",
            "destination_ranges": [],
            "direction": "INGRESS",
            "disabled": false,
            "enable_logging": null,
            "id": "projects/api-project-786272790820/global/firewalls/ib-trading-net-allow-internal-dev",
            "log_config": [],
            "name": "ib-trading-net-allow-internal-dev",
            "network": "https://www.googleapis.com/compute/v1/projects/api-project-786272790820/global/networks/ib-trading-net-dev",
            "priority": 1000,
            "project": "api-project-786272790820",
            "self_link": "https://www.googleapis.com/compute/v1/projects/api-project-786272790820/global/firewalls/ib-trading-net-allow-internal-dev",
            "source_ranges": [
              "10.172.0.0/20"
            ],
            "source_service_accounts": [],
            "source_tags": [],
            "target_service_accounts": [],
            "target_tags": [],
            "timeouts": null
          },
          "sensitive_attributes": [],
          "private": "eyJlMmJmYjczMC1lY2FhLTExZTYtOGY4OC0zNDM2M2JjN2M0YzAiOnsiY3JlYXRlIjoxMjAwMDAwMDAwMDAwLCJkZWxldGUiOjEyMDAwMDAwMDAwMDAsInVwZGF0ZSI6MTIwMDAwMDAwMDAwMH0sInNjaGVtYV92ZXJzaW9uIjoiMSJ9",
          "dependencies": [
            "google_compute_network.ib_trading_net"
          ]
        }
      ]
    },
    {
      "mode": "managed",
      "type": "google_compute_firewall",
      "name": "ib_trading_net_allow_ssh_bastion_host",
      "provider": "provider[\"registry.terraform.io/hashicorp/google-beta\"]",
      "instances": [
        {
          "schema_version": 1,
          "attributes": {
            "allow": [
              {
                "ports": [
                  "22"
                ],
                "protocol": "tcp"
              }
            ],
            "creation_timestamp": "2022-11-22T10:40:55.034-08:00",
            "deny": [],
            "description": "",
            "destination_ranges": [],
            "direction": "INGRESS",
            "disabled": false,
            "enable_logging": null,
            "id": "projects/api-project-786272790820/global/firewalls/ib-trading-net-allow-ssh-bastion-host-dev",
            "log_config": [],
            "name": "ib-trading-net-allow-ssh-bastion-host-dev",
            "network": "https://www.googleapis.com/compute/v1/projects/api-project-786272790820/global/networks/ib-trading-net-dev",
            "priority": 1000,
            "project": "api-project-786272790820",
            "self_link": "https://www.googleapis.com/compute/v1/projects/api-project-786272790820/global/firewalls/ib-trading-net-allow-ssh-bastion-host-dev",
            "source_ranges": [
              "0.0.0.0/0"
            ],
            "source_service_accounts": [],
            "source_tags": [],
            "target_service_accounts": [],
            "target_tags": [
              "bastion-host-dev"
            ],
            "timeouts": null
          },
          "sensitive_attributes": [],
          "private": "eyJlMmJmYjczMC1lY2FhLTExZTYtOGY4OC0zNDM2M2JjN2M0YzAiOnsiY3JlYXRlIjoxMjAwMDAwMDAwMDAwLCJkZWxldGUiOjEyMDAwMDAwMDAwMDAsInVwZGF0ZSI6MTIwMDAwMDAwMDAwMH0sInNjaGVtYV92ZXJzaW9uIjoiMSJ9",
          "dependencies": [
            "google_compute_network.ib_trading_net"
          ]
        }
      ]
    },
    {
      "mode": "managed",
      "type": "google_compute_instance",
      "name": "bastion_host",
      "provider": "provider[\"registry.terraform.io/hashicorp/google-beta\"]",
      "instances": [
        {
          "schema_version": 6,
          "attributes": {
            "advanced_machine_features": [],
            "allow_stopping_for_update": null,
            "attached_disk": [],
            "boot_disk": [
              {
                "auto_delete": true,
                "device_name": "persistent-disk-0",
                "disk_encryption_key_raw": "",
                "disk_encryption_key_sha256": "",
                "initialize_params": [
                  {
                    "image": "https://www.googleapis.com/compute/beta/projects/debian-cloud/global/images/debian-11-bullseye-v20221102",
                    "labels": {},
                    "size": 10,
                    "type": "pd-standard"
                  }
                ],
                "kms_key_self_link": "",
                "mode": "READ_WRITE",
                "source": "https://www.googleapis.com/compute/v1/projects/api-project-786272790820/zones/europe-southwest1-a/disks/bastion-host-dev"
              }
            ],
            "can_ip_forward": false,
            "confidential_instance_config": [],
            "cpu_platform": "Intel Broadwell",
            "current_status": "RUNNING",
            "deletion_protection": false,
            "description": "",
            "desired_status": null,
            "enable_display": false,
            "guest_accelerator": [],
            "hostname": "",
            "id": "projects/api-project-786272790820/zones/europe-southwest1-a/instances/bastion-host-dev",
            "instance_id": "1470268811567474977",
            "label_fingerprint": "42WmSpB8rSM=",
            "labels": {},
            "machine_type": "e2-small",
            "metadata": {
              "startup-script": "#!/bin/bash\nsudo apt-get -y install kubectl git\ngcloud container clusters get-credentials ib-trading --zone europe-southwest1-a --internal-ip\n\n"
            },
            "metadata_fingerprint": "kWzftsumoLg=",
            "metadata_startup_script": null,
            "min_cpu_platform": "",
            "name": "bastion-host-dev",
            "network_interface": [
              {
                "access_config": [],
                "alias_ip_range": [],
                "ipv6_access_config": [],
                "ipv6_access_type": "",
                "name": "nic0",
                "network": "https://www.googleapis.com/compute/v1/projects/api-project-786272790820/global/networks/ib-trading-net-dev",
                "network_ip": "10.172.0.2",
                "nic_type": "",
                "queue_count": 0,
                "stack_type": "IPV4_ONLY",
                "subnetwork": "https://www.googleapis.com/compute/v1/projects/api-project-786272790820/regions/europe-southwest1/subnetworks/ib-trading-subnet-dev",
                "subnetwork_project": "api-project-786272790820"
              }
            ],
            "network_performance_config": [],
            "project": "api-project-786272790820",
            "reservation_affinity": [],
            "resource_policies": [],
            "scheduling": [
              {
                "automatic_restart": true,
                "instance_termination_action": "",
                "min_node_cpus": 0,
                "node_affinities": [],
                "on_host_maintenance": "MIGRATE",
                "preemptible": false,
                "provisioning_model": "STANDARD"
              }
            ],
            "scratch_disk": [],
            "self_link": "https://www.googleapis.com/compute/v1/projects/api-project-786272790820/zones/europe-southwest1-a/instances/bastion-host-dev",
            "service_account": [
              {
                "email": "786272790820-compute@developer.gserviceaccount.com",
                "scopes": [
                  "https://www.googleapis.com/auth/cloud-platform",
                  "https://www.googleapis.com/auth/devstorage.read_only",
                  "https://www.googleapis.com/auth/servicecontrol",
                  "https://www.googleapis.com/auth/source.read_only"
                ]
              }
            ],
            "shielded_instance_config": [
              {
                "enable_integrity_monitoring": true,
                "enable_secure_boot": false,
                "enable_vtpm": true
              }
            ],
            "tags": [
              "bastion-host-dev"
            ],
            "tags_fingerprint": "-YfItlBOizo=",
            "timeouts": null,
            "zone": "europe-southwest1-a"
          },
          "sensitive_attributes": [],
          "private": "eyJlMmJmYjczMC1lY2FhLTExZTYtOGY4OC0zNDM2M2JjN2M0YzAiOnsiY3JlYXRlIjoxMjAwMDAwMDAwMDAwLCJkZWxldGUiOjEyMDAwMDAwMDAwMDAsInVwZGF0ZSI6MTIwMDAwMDAwMDAwMH0sInNjaGVtYV92ZXJzaW9uIjoiNiJ9",
          "dependencies": [
            "google_compute_network.ib_trading_net",
            "google_compute_subnetwork.ib_trading_subnet"
          ]
        }
      ]
    },
    {
      "mode": "managed",
      "type": "google_compute_network",
      "name": "ib_trading_net",
      "provider": "provider[\"registry.terraform.io/hashicorp/google-beta\"]",
      "instances": [
        {
          "schema_version": 0,
          "attributes": {
            "auto_create_subnetworks": false,
            "delete_default_routes_on_create": false,
            "description": "",
            "enable_ula_internal_ipv6": false,
            "gateway_ipv4": "",
            "id": "projects/api-project-786272790820/global/networks/ib-trading-net-dev",
            "internal_ipv6_range": "",
            "mtu": 0,
            "name": "ib-trading-net-dev",
            "project": "api-project-786272790820",
            "routing_mode": "REGIONAL",
            "self_link": "https://www.googleapis.com/compute/v1/projects/api-project-786272790820/global/networks/ib-trading-net-dev",
            "timeouts": null
          },
          "sensitive_attributes": [],
          "private": "eyJlMmJmYjczMC1lY2FhLTExZTYtOGY4OC0zNDM2M2JjN2M0YzAiOnsiY3JlYXRlIjoxMjAwMDAwMDAwMDAwLCJkZWxldGUiOjEyMDAwMDAwMDAwMDAsInVwZGF0ZSI6MTIwMDAwMDAwMDAwMH19"
        }
      ]
    },
    {
      "mode": "managed",
      "type": "google_compute_router",
      "name": "nat_router",
      "provider": "provider[\"registry.terraform.io/hashicorp/google-beta\"]",
      "instances": [
        {
          "schema_version": 0,
          "attributes": {
            "bgp": [],
            "creation_timestamp": "2022-11-22T10:40:55.387-08:00",
            "description": "",
            "encrypted_interconnect_router": false,
            "id": "projects/api-project-786272790820/regions/europe-southwest1/routers/nat-router-dev",
            "name": "nat-router-dev",
            "network": "https://www.googleapis.com/compute/v1/projects/api-project-786272790820/global/networks/ib-trading-net-dev",
            "project": "api-project-786272790820",
            "region": "europe-southwest1",
            "self_link": "https://www.googleapis.com/compute/v1/projects/api-project-786272790820/regions/europe-southwest1/routers/nat-router-dev",
            "timeouts": null
          },
          "sensitive_attributes": [],
          "private": "eyJlMmJmYjczMC1lY2FhLTExZTYtOGY4OC0zNDM2M2JjN2M0YzAiOnsiY3JlYXRlIjoxMjAwMDAwMDAwMDAwLCJkZWxldGUiOjEyMDAwMDAwMDAwMDAsInVwZGF0ZSI6MTIwMDAwMDAwMDAwMH19",
          "dependencies": [
            "google_compute_network.ib_trading_net"
          ]
        }
      ]
    },
    {
      "mode": "managed",
      "type": "google_compute_router_nat",
      "name": "nat_config",
      "provider": "provider[\"registry.terraform.io/hashicorp/google\"]",
      "instances": [
        {
          "schema_version": 0,
          "attributes": {
            "drain_nat_ips": [],
            "enable_dynamic_port_allocation": false,
            "enable_endpoint_independent_mapping": true,
            "icmp_idle_timeout_sec": 30,
            "id": "api-project-786272790820/europe-southwest1/nat-router-dev/nat-config-dev",
            "log_config": [
              {
                "enable": true,
                "filter": "ALL"
              }
            ],
            "max_ports_per_vm": 0,
            "min_ports_per_vm": 0,
            "name": "nat-config-dev",
            "nat_ip_allocate_option": "AUTO_ONLY",
            "nat_ips": [],
            "project": "api-project-786272790820",
            "region": "europe-southwest1",
            "router": "nat-router-dev",
            "rules": [],
            "source_subnetwork_ip_ranges_to_nat": "ALL_SUBNETWORKS_ALL_IP_RANGES",
            "subnetwork": [],
            "tcp_established_idle_timeout_sec": 1200,
            "tcp_transitory_idle_timeout_sec": 30,
            "timeouts": null,
            "udp_idle_timeout_sec": 30
          },
          "sensitive_attributes": [],
          "private": "eyJlMmJmYjczMC1lY2FhLTExZTYtOGY4OC0zNDM2M2JjN2M0YzAiOnsiY3JlYXRlIjoxMjAwMDAwMDAwMDAwLCJkZWxldGUiOjEyMDAwMDAwMDAwMDAsInVwZGF0ZSI6MTIwMDAwMDAwMDAwMH19",
          "dependencies": [
            "google_compute_network.ib_trading_net",
            "google_compute_router.nat_router"
          ]
        }
      ]
    },
    {
      "mode": "managed",
      "type": "google_compute_subnetwork",
      "name": "ib_trading_subnet",
      "provider": "provider[\"registry.terraform.io/hashicorp/google-beta\"]",
      "instances": [
        {
          "schema_version": 0,
          "attributes": {
            "creation_timestamp": "2022-11-22T10:40:55.889-08:00",
            "description": "",
            "external_ipv6_prefix": "",
            "fingerprint": null,
            "gateway_address": "10.172.0.1",
            "id": "projects/api-project-786272790820/regions/europe-southwest1/subnetworks/ib-trading-subnet-dev",
            "ip_cidr_range": "10.172.0.0/20",
            "ipv6_access_type": "",
            "ipv6_cidr_range": "",
            "log_config": [],
            "name": "ib-trading-subnet-dev",
            "network": "https://www.googleapis.com/compute/v1/projects/api-project-786272790820/global/networks/ib-trading-net-dev",
            "private_ip_google_access": true,
            "private_ipv6_google_access": "DISABLE_GOOGLE_ACCESS",
            "project": "api-project-786272790820",
            "purpose": "PRIVATE",
            "region": "europe-southwest1",
            "role": "",
            "secondary_ip_range": [
              {
                "ip_cidr_range": "10.48.0.0/14",
                "range_name": "gke-ib-trading-dev-pods-5d6ecd4a"
              },
              {
                "ip_cidr_range": "10.52.0.0/20",
                "range_name": "gke-ib-trading-dev-services-5d6ecd4a"
              }
            ],
            "self_link": "https://www.googleapis.com/compute/v1/projects/api-project-786272790820/regions/europe-southwest1/subnetworks/ib-trading-subnet-dev",
            "stack_type": "IPV4_ONLY",
            "timeouts": null
          },
          "sensitive_attributes": [],
          "private": "eyJlMmJmYjczMC1lY2FhLTExZTYtOGY4OC0zNDM2M2JjN2M0YzAiOnsiY3JlYXRlIjoxMjAwMDAwMDAwMDAwLCJkZWxldGUiOjEyMDAwMDAwMDAwMDAsInVwZGF0ZSI6MTIwMDAwMDAwMDAwMH19",
          "dependencies": [
            "google_compute_network.ib_trading_net"
          ]
        }
      ]
    },
    {
      "mode": "managed",
      "type": "google_container_cluster",
      "name": "ib_trading",
      "provider": "provider[\"registry.terraform.io/hashicorp/google-beta\"]",
      "instances": [
        {
          "schema_version": 1,
          "attributes": {
            "addons_config": [
              {
                "cloudrun_config": [],
                "config_connector_config": [],
                "dns_cache_config": [],
                "gce_persistent_disk_csi_driver_config": [
                  {
                    "enabled": true
                  }
                ],
                "gcp_filestore_csi_driver_config": [],
                "gke_backup_agent_config": [],
                "horizontal_pod_autoscaling": [],
                "http_load_balancing": [],
                "istio_config": [],
                "kalm_config": [],
                "network_policy_config": [
                  {
                    "disabled": true
                  }
                ]
              }
            ],
            "authenticator_groups_config": [],
            "binary_authorization": [
              {
                "enabled": false,
                "evaluation_mode": ""
              }
            ],
            "cluster_autoscaling": [
              {
                "auto_provisioning_defaults": [],
                "autoscaling_profile": "BALANCED",
                "enabled": false,
                "resource_limits": []
              }
            ],
            "cluster_ipv4_cidr": "10.48.0.0/14",
            "cluster_telemetry": [
              {
                "type": "ENABLED"
              }
            ],
            "confidential_nodes": [],
            "cost_management_config": [],
            "database_encryption": [
              {
                "key_name": "",
                "state": "DECRYPTED"
              }
            ],
            "datapath_provider": "",
            "default_max_pods_per_node": 110,
            "default_snat_status": [
              {
                "disabled": false
              }
            ],
            "description": "",
            "dns_config": [],
            "enable_autopilot": false,
            "enable_binary_authorization": false,
            "enable_intranode_visibility": false,
            "enable_kubernetes_alpha": false,
            "enable_l4_ilb_subsetting": false,
            "enable_legacy_abac": false,
            "enable_shielded_nodes": true,
            "enable_tpu": false,
            "endpoint": "172.16.0.2",
            "id": "projects/api-project-786272790820/locations/europe-southwest1-a/clusters/ib-trading-dev",
            "identity_service_config": [],
            "initial_node_count": 0,
            "ip_allocation_policy": [
              {
                "cluster_ipv4_cidr_block": "10.48.0.0/14",
                "cluster_secondary_range_name": "gke-ib-trading-dev-pods-5d6ecd4a",
                "services_ipv4_cidr_block": "10.52.0.0/20",
                "services_secondary_range_name": "gke-ib-trading-dev-services-5d6ecd4a"
              }
            ],
            "label_fingerprint": "a9dc16a7",
            "location": "europe-southwest1-a",
            "logging_config": [
              {
                "enable_components": [
                  "SYSTEM_COMPONENTS",
                  "WORKLOADS"
                ]
              }
            ],
            "logging_service": "logging.googleapis.com/kubernetes",
            "maintenance_policy": [],
            "master_auth": [
              {
                "client_certificate": "",
                "client_certificate_config": [
                  {
                    "issue_client_certificate": false
                  }
                ],
                "client_key": "",
                "cluster_ca_certificate": "LS0tLS1CRUdJTiBDRVJUSUZJQ0FURS0tLS0tCk1JSUVMVENDQXBXZ0F3SUJBZ0lSQUxvY3M4VnNJTmZvMjJQOGs0Tk9jQ3N3RFFZSktvWklodmNOQVFFTEJRQXcKTHpFdE1Dc0dBMVVFQXhNa1pXRTFZV1ZqTXpFdE1UazFPUzAwWm1JeUxUbGtPV0l0TlRVM01ETmtaVGxsWVRFeApNQ0FYRFRJeU1URXlNakUzTkRFeE9Gb1lEekl3TlRJeE1URTBNVGcwTVRFNFdqQXZNUzB3S3dZRFZRUURFeVJsCllUVmhaV016TVMweE9UVTVMVFJtWWpJdE9XUTVZaTAxTlRjd00yUmxPV1ZoTVRFd2dnR2lNQTBHQ1NxR1NJYjMKRFFFQkFRVUFBNElCandBd2dnR0tBb0lCZ1FEVUN4K2FkWXlGTk9iRUZvd1lDQTFTUThpVzdnWjlDNmwzS2F3eQpsZ0ZOeXBqTU81bjV0VzlvRmhrelFPTkxHdXBsRjVlb2g2THJONGdxZ2Z3NWozaU9zWVRodG1JeDUrSWVrSGk5CmpHb2lnUmpWdXVHWUFjVnp6M2tkU0F5TnJTb3JxQVFSZXVGQ0tNVWtuZlF1a2p1UzYxR2lCeDNweC9YdDl0TkMKU3NISk02MjR4VHR2R3hROUg1T2NJd2hXZmo3MUYxYU1PMXZNZjlMc2puN29UYmNuZ1ZsZ3dzR1Z4elVqdGxNbApLRkh2bzRUSG9YNS9zUHRCVng4bEFFK3paNWdkakxxSklVUG1ndUdJY01FMXFhNUJUVlZrM25HRVdTRHl6cHlOCmNkOEVpanc0U0trNlMzaEJuSDdmVnk5NVdTVU1mR2o0SGh3YnFsUDBScG5jRzFHbkt4QURvUHZ2bW53SnQ0RXoKaEcvWEVQR1hzVTVub0NhaU1rRVhVSDc3aGNQcjF5TUVpQWUyNmNuclVCV3VGK0ZIVDd5Z1FOMHlpSlFTOVkySwpSM2JDb01lZFYzcUlDTGNJaEFIUzhoTThzUkE4VGxHUWc2cy93T1NoRk4rWWlJOEJ3Q0dFNWM1RFpPS3dYUXlyCnI0bGMyKzhWdWx2OEttS0ROekJQWEZlL0tHY0NBd0VBQWFOQ01FQXdEZ1lEVlIwUEFRSC9CQVFEQWdJRU1BOEcKQTFVZEV3RUIvd1FGTUFNQkFmOHdIUVlEVlIwT0JCWUVGTGQwa05rc0VJeUNNVWhINlNvZnpvS0lmVWtQTUEwRwpDU3FHU0liM0RRRUJDd1VBQTRJQmdRQy9qMWExanNEdk9adDMrOWR3eFUvKzdiM0pxaDN2K2tZNkRCM3dYT0l0CkxmUjlsYU00OTJCSHdMOVI5ZHlZeFg2SEF0R285d2NuQ0dldXNFb1l3Nm9BeWJGbDhTK05kdTh3RklETlRFYXkKMjVkTlJaWlFlOGZhdTM2TjVoVmpJYWlpSTcvdkVLL3FMKzdYTndmZGNYREhrWXA4d0duUkg0V3MxcklYUEpFVgpJMXRSL1RVMmQ5dlBLditQWjg1Z2FFKy9ZalBoVXVtVC9MODdlMnRBbGhubENFZlQ2YXc1TFdxL21pQzhnaUR0CnBhYWEzZlhORVBWY3ZaREZTN25kY2JQSzV0d3RnVU8vOWNHM2tkbmZnYjlwSmFPRVgxeTdTbnhYRWxWT1NWeksKbUdxSGJ5NVNkR29kRlVRN3FYSzBmZUxjLzVNbStZeWFrL2toSnA0ZENEZ00zTDJwZ2RaSFBwS2hhaE5LOWlTUgpvRXhMZ2lMT2g3RTV3YzBwRHhUUUtIU0V1TmtIRjh6b0ZHWlcxdkk2NldmZ1EzZ1hhYld1aTFQVERqVXh5WVJqCnNudVkralRMNU0wWTFNQ2VIalpxb2d2U29rRWxwelZ4eEJIYmVuU1VIT1BMak5KRkJQRkMvMFpvdk9jdnZTNVQKYVpwMmpDNFJyUzhVWk0wOGxJRUZGcDQ9Ci0tLS0tRU5EIENFUlRJRklDQVRFLS0tLS0K"
              }
            ],
            "master_authorized_networks_config": [
              {
                "cidr_blocks": []
              }
            ],
            "master_version": "1.24.7-gke.900",
            "mesh_certificates": [],
            "min_master_version": "latest",
            "monitoring_config": [
              {
                "enable_components": [
                  "SYSTEM_COMPONENTS"
                ],
                "managed_prometheus": []
              }
            ],
            "monitoring_service": "monitoring.googleapis.com/kubernetes",
            "name": "ib-trading-dev",
            "network": "projects/api-project-786272790820/global/networks/ib-trading-net-dev",
            "network_policy": [
              {
                "enabled": false,
                "provider": "PROVIDER_UNSPECIFIED"
              }
            ],
            "networking_mode": "VPC_NATIVE",
            "node_config": [
              {
                "boot_disk_kms_key": "",
                "disk_size_gb": 10,
                "disk_type": "pd-balanced",
                "ephemeral_storage_config": [],
                "gcfs_config": [],
                "guest_accelerator": [],
                "gvnic": [],
                "image_type": "COS_CONTAINERD",
                "kubelet_config": [],
                "labels": {},
                "linux_node_config": [],
                "local_ssd_count": 0,
                "machine_type": "e2-small",
                "metadata": {
                  "disable-legacy-endpoints": "true"
                },
                "min_cpu_platform": "",
                "node_group": "",
                "oauth_scopes": [
                  "https://www.googleapis.com/auth/compute",
                  "https://www.googleapis.com/auth/devstorage.read_only",
                  "https://www.googleapis.com/auth/logging.write",
                  "https://www.googleapis.com/auth/monitoring"
                ],
                "preemptible": false,
                "reservation_affinity": [],
                "sandbox_config": [],
                "service_account": "default",
                "shielded_instance_config": [
                  {
                    "enable_integrity_monitoring": true,
                    "enable_secure_boot": false
                  }
                ],
                "spot": false,
                "tags": [
                  "ib-trading-node-dev"
                ],
                "taint": [],
                "workload_metadata_config": []
              }
            ],
            "node_locations": [],
            "node_pool": [
              {
                "autoscaling": [],
                "initial_node_count": 1,
                "instance_group_urls": [
                  "https://www.googleapis.com/compute/v1/projects/api-project-786272790820/zones/europe-southwest1-a/instanceGroupManagers/gke-ib-trading-dev-default-pool-dev-548a8e47-grp"
                ],
                "managed_instance_group_urls": [
                  "https://www.googleapis.com/compute/beta/projects/api-project-786272790820/zones/europe-southwest1-a/instanceGroups/gke-ib-trading-dev-default-pool-dev-548a8e47-grp"
                ],
                "management": [
                  {
                    "auto_repair": true,
                    "auto_upgrade": true
                  }
                ],
                "max_pods_per_node": 110,
                "name": "default-pool-dev",
                "name_prefix": "",
                "network_config": [
                  {
                    "create_pod_range": false,
                    "pod_ipv4_cidr_block": "10.48.0.0/14",
                    "pod_range": "gke-ib-trading-dev-pods-5d6ecd4a"
                  }
                ],
                "node_config": [
                  {
                    "boot_disk_kms_key": "",
                    "disk_size_gb": 10,
                    "disk_type": "pd-balanced",
                    "ephemeral_storage_config": [],
                    "gcfs_config": [],
                    "guest_accelerator": [],
                    "gvnic": [],
                    "image_type": "COS_CONTAINERD",
                    "kubelet_config": [],
                    "labels": {},
                    "linux_node_config": [],
                    "local_ssd_count": 0,
                    "machine_type": "e2-small",
                    "metadata": {
                      "disable-legacy-endpoints": "true"
                    },
                    "min_cpu_platform": "",
                    "node_group": "",
                    "oauth_scopes": [
                      "https://www.googleapis.com/auth/compute",
                      "https://www.googleapis.com/auth/devstorage.read_only",
                      "https://www.googleapis.com/auth/logging.write",
                      "https://www.googleapis.com/auth/monitoring"
                    ],
                    "preemptible": false,
                    "reservation_affinity": [],
                    "sandbox_config": [],
                    "service_account": "default",
                    "shielded_instance_config": [
                      {
                        "enable_integrity_monitoring": true,
                        "enable_secure_boot": false
                      }
                    ],
                    "spot": false,
                    "tags": [
                      "ib-trading-node-dev"
                    ],
                    "taint": [],
                    "workload_metadata_config": []
                  }
                ],
                "node_count": 1,
                "node_locations": [
                  "europe-southwest1-a"
                ],
                "placement_policy": [],
                "upgrade_settings": [
                  {
                    "max_surge": 1,
                    "max_unavailable": 0
                  }
                ],
                "version": "1.24.7-gke.900"
              }
            ],
            "node_pool_auto_config": [
              {
                "network_tags": []
              }
            ],
            "node_pool_defaults": [
              {
                "node_config_defaults": []
              }
            ],
            "node_version": "1.24.7-gke.900",
            "notification_config": [
              {
                "pubsub": [
                  {
                    "enabled": false,
                    "filter": [],
                    "topic": ""
                  }
                ]
              }
            ],
            "operation": null,
            "pod_security_policy_config": [
              {
                "enabled": false
              }
            ],
            "private_cluster_config": [
              {
                "enable_private_endpoint": true,
                "enable_private_nodes": true,
                "master_global_access_config": [
                  {
                    "enabled": false
                  }
                ],
                "master_ipv4_cidr_block": "172.16.0.0/28",
                "peering_name": "gke-nbd488d646381d08abde-0631-05cc-peer",
                "private_endpoint": "172.16.0.2",
                "public_endpoint": "34.175.75.160"
              }
            ],
            "private_ipv6_google_access": "",
            "project": "api-project-786272790820",
            "release_channel": [
              {
                "channel": "UNSPECIFIED"
              }
            ],
            "remove_default_node_pool": null,
            "resource_labels": {},
            "resource_usage_export_config": [],
            "self_link": "https://container.googleapis.com/v1beta1/projects/api-project-786272790820/zones/europe-southwest1-a/clusters/ib-trading-dev",
            "service_external_ips_config": [
              {
                "enabled": false
              }
            ],
            "services_ipv4_cidr": "10.52.0.0/20",
            "subnetwork": "projects/api-project-786272790820/regions/europe-southwest1/subnetworks/ib-trading-subnet-dev",
            "timeouts": null,
            "tpu_config": [],
            "tpu_ipv4_cidr_block": "",
            "vertical_pod_autoscaling": [],
            "workload_identity_config": []
          },
          "sensitive_attributes": [],
          "private": "eyJlMmJmYjczMC1lY2FhLTExZTYtOGY4OC0zNDM2M2JjN2M0YzAiOnsiY3JlYXRlIjoyNDAwMDAwMDAwMDAwLCJkZWxldGUiOjI0MDAwMDAwMDAwMDAsInJlYWQiOjI0MDAwMDAwMDAwMDAsInVwZGF0ZSI6MzYwMDAwMDAwMDAwMH0sInNjaGVtYV92ZXJzaW9uIjoiMSJ9",
          "dependencies": [
            "google_compute_network.ib_trading_net",
            "google_compute_subnetwork.ib_trading_subnet"
          ]
        }
      ]
    }
  ]
}